
Microsoft Visual Studio Solution File, Format Version 12.00
# Visual Studio Version 17
VisualStudioVersion = 17.1.32328.378
MinimumVisualStudioVersion = 10.0.40219.1
Project("{FAE04EC0-301F-11D3-BF4B-00C04F79EFBC}") = "MedidoresWeb", "MedidoresWeb\MedidoresWeb.csproj", "{22C00A12-9493-4C6D-AD4D-AE391FCFB633}"
EndProject
Project("{FAE04EC0-301F-11D3-BF4B-00C04F79EFBC}") = "MedidoresWebModel", "MedidoresWebModel\MedidoresWebModel.csproj", "{8DDF791B-090F-4724-A76C-55277E443506}"
EndProject
Global
	GlobalSection(SolutionConfigurationPlatforms) = preSolution
		Debug|Any CPU = Debug|Any CPU
		Release|Any CPU = Release|Any CPU
	EndGlobalSection
	GlobalSection(ProjectConfigurationPlatforms) = postSolution
		{22C00A12-9493-4C6D-AD4D-AE391FCFB633}.Debug|Any CPU.ActiveCfg = Debug|Any CPU
		{22C00A12-9493-4C6D-AD4D-AE391FCFB633}.Debug|Any CPU.Build.0 = Debug|Any CPU
		{22C00A12-9493-4C6D-AD4D-AE391FCFB633}.Release|Any CPU.ActiveCfg = Release|Any CPU
		{22C00A12-9493-4C6D-AD4D-AE391FCFB633}.Release|Any CPU.Build.0 = Release|Any CPU
		{8DDF791B-090F-4724-A76C-55277E443506}.Debug|Any CPU.ActiveCfg = Debug|Any CPU
		{8DDF791B-090F-4724-A76C-55277E443506}.Debug|Any CPU.Build.0 = Debug|Any CPU
		{8DDF791B-090F-4724-A76C-55277E443506}.Release|Any CPU.ActiveCfg = Release|Any CPU
		{8DDF791B-090F-4724-A76C-55277E443506}.Release|Any CPU.Build.0 = Release|Any CPU
	EndGlobalSection
	GlobalSection(SolutionProperties) = preSolution
		HideSolutionNode = FALSE
	EndGlobalSection
	GlobalSection(ExtensibilityGlobals) = postSolution
		SolutionGuid = {0945E60A-DB8E-4839-B874-A632AA86D7A5}
	EndGlobalSection
EndGlobal
